
Microsoft Visual Studio Solution File, Format Version 12.00
# Visual Studio Version 17
VisualStudioVersion = 17.11.35222.181
MinimumVisualStudioVersion = 10.0.40219.1
Project("{8BC9CEB8-8B4A-11D0-8D11-00A0C91BC942}") = "section1_cout", "section1_cout\section1_cout.vcxproj", "{71FF74DE-16E4-4F75-A45C-53DE56BCC4F9}"
EndProject
Global
	GlobalSection(SolutionConfigurationPlatforms) = preSolution
		Debug|x64 = Debug|x64
		Debug|x86 = Debug|x86
		Release|x64 = Release|x64
		Release|x86 = Release|x86
	EndGlobalSection
	GlobalSection(ProjectConfigurationPlatforms) = postSolution
		{71FF74DE-16E4-4F75-A45C-53DE56BCC4F9}.Debug|x64.ActiveCfg = Debug|x64
		{71FF74DE-16E4-4F75-A45C-53DE56BCC4F9}.Debug|x64.Build.0 = Debug|x64
		{71FF74DE-16E4-4F75-A45C-53DE56BCC4F9}.Debug|x86.ActiveCfg = Debug|Win32
		{71FF74DE-16E4-4F75-A45C-53DE56BCC4F9}.Debug|x86.Build.0 = Debug|Win32
		{71FF74DE-16E4-4F75-A45C-53DE56BCC4F9}.Release|x64.ActiveCfg = Release|x64
		{71FF74DE-16E4-4F75-A45C-53DE56BCC4F9}.Release|x64.Build.0 = Release|x64
		{71FF74DE-16E4-4F75-A45C-53DE56BCC4F9}.Release|x86.ActiveCfg = Release|Win32
		{71FF74DE-16E4-4F75-A45C-53DE56BCC4F9}.Release|x86.Build.0 = Release|Win32
	EndGlobalSection
	GlobalSection(SolutionProperties) = preSolution
		HideSolutionNode = FALSE
	EndGlobalSection
	GlobalSection(ExtensibilityGlobals) = postSolution
		SolutionGuid = {BE5F76A1-0440-488B-B25E-570CA7218013}
	EndGlobalSection
EndGlobal
