
Microsoft Visual Studio Solution File, Format Version 12.00
# Visual Studio Version 17
VisualStudioVersion = 17.11.35222.181
MinimumVisualStudioVersion = 10.0.40219.1
Project("{8BC9CEB8-8B4A-11D0-8D11-00A0C91BC942}") = "section18_function_part1", "section18_function_part1\section18_function_part1.vcxproj", "{9E2BF0B8-F13A-4A78-A503-76DE57DF230E}"
EndProject
Global
	GlobalSection(SolutionConfigurationPlatforms) = preSolution
		Debug|x64 = Debug|x64
		Debug|x86 = Debug|x86
		Release|x64 = Release|x64
		Release|x86 = Release|x86
	EndGlobalSection
	GlobalSection(ProjectConfigurationPlatforms) = postSolution
		{9E2BF0B8-F13A-4A78-A503-76DE57DF230E}.Debug|x64.ActiveCfg = Debug|x64
		{9E2BF0B8-F13A-4A78-A503-76DE57DF230E}.Debug|x64.Build.0 = Debug|x64
		{9E2BF0B8-F13A-4A78-A503-76DE57DF230E}.Debug|x86.ActiveCfg = Debug|Win32
		{9E2BF0B8-F13A-4A78-A503-76DE57DF230E}.Debug|x86.Build.0 = Debug|Win32
		{9E2BF0B8-F13A-4A78-A503-76DE57DF230E}.Release|x64.ActiveCfg = Release|x64
		{9E2BF0B8-F13A-4A78-A503-76DE57DF230E}.Release|x64.Build.0 = Release|x64
		{9E2BF0B8-F13A-4A78-A503-76DE57DF230E}.Release|x86.ActiveCfg = Release|Win32
		{9E2BF0B8-F13A-4A78-A503-76DE57DF230E}.Release|x86.Build.0 = Release|Win32
	EndGlobalSection
	GlobalSection(SolutionProperties) = preSolution
		HideSolutionNode = FALSE
	EndGlobalSection
	GlobalSection(ExtensibilityGlobals) = postSolution
		SolutionGuid = {6326CBDA-EE56-40DD-B9E7-225B20BAE4A7}
	EndGlobalSection
EndGlobal
