
Microsoft Visual Studio Solution File, Format Version 12.00
# Visual Studio Version 17
VisualStudioVersion = 17.11.35222.181
MinimumVisualStudioVersion = 10.0.40219.1
Project("{8BC9CEB8-8B4A-11D0-8D11-00A0C91BC942}") = "section13_structure", "section13_structure\section13_structure.vcxproj", "{DE4A0733-58EF-4C4C-AAD9-C36E6EA01231}"
EndProject
Global
	GlobalSection(SolutionConfigurationPlatforms) = preSolution
		Debug|x64 = Debug|x64
		Debug|x86 = Debug|x86
		Release|x64 = Release|x64
		Release|x86 = Release|x86
	EndGlobalSection
	GlobalSection(ProjectConfigurationPlatforms) = postSolution
		{DE4A0733-58EF-4C4C-AAD9-C36E6EA01231}.Debug|x64.ActiveCfg = Debug|x64
		{DE4A0733-58EF-4C4C-AAD9-C36E6EA01231}.Debug|x64.Build.0 = Debug|x64
		{DE4A0733-58EF-4C4C-AAD9-C36E6EA01231}.Debug|x86.ActiveCfg = Debug|Win32
		{DE4A0733-58EF-4C4C-AAD9-C36E6EA01231}.Debug|x86.Build.0 = Debug|Win32
		{DE4A0733-58EF-4C4C-AAD9-C36E6EA01231}.Release|x64.ActiveCfg = Release|x64
		{DE4A0733-58EF-4C4C-AAD9-C36E6EA01231}.Release|x64.Build.0 = Release|x64
		{DE4A0733-58EF-4C4C-AAD9-C36E6EA01231}.Release|x86.ActiveCfg = Release|Win32
		{DE4A0733-58EF-4C4C-AAD9-C36E6EA01231}.Release|x86.Build.0 = Release|Win32
	EndGlobalSection
	GlobalSection(SolutionProperties) = preSolution
		HideSolutionNode = FALSE
	EndGlobalSection
	GlobalSection(ExtensibilityGlobals) = postSolution
		SolutionGuid = {4991D0C2-C555-433B-98FC-857299E81516}
	EndGlobalSection
EndGlobal
