
Microsoft Visual Studio Solution File, Format Version 12.00
# Visual Studio Version 17
VisualStudioVersion = 17.11.35222.181
MinimumVisualStudioVersion = 10.0.40219.1
Project("{8BC9CEB8-8B4A-11D0-8D11-00A0C91BC942}") = "section21_variable_scope", "section21_variable_scope\section21_variable_scope.vcxproj", "{A15CAE3B-FE10-4310-A6EA-EFEDEBC06707}"
EndProject
Global
	GlobalSection(SolutionConfigurationPlatforms) = preSolution
		Debug|x64 = Debug|x64
		Debug|x86 = Debug|x86
		Release|x64 = Release|x64
		Release|x86 = Release|x86
	EndGlobalSection
	GlobalSection(ProjectConfigurationPlatforms) = postSolution
		{A15CAE3B-FE10-4310-A6EA-EFEDEBC06707}.Debug|x64.ActiveCfg = Debug|x64
		{A15CAE3B-FE10-4310-A6EA-EFEDEBC06707}.Debug|x64.Build.0 = Debug|x64
		{A15CAE3B-FE10-4310-A6EA-EFEDEBC06707}.Debug|x86.ActiveCfg = Debug|Win32
		{A15CAE3B-FE10-4310-A6EA-EFEDEBC06707}.Debug|x86.Build.0 = Debug|Win32
		{A15CAE3B-FE10-4310-A6EA-EFEDEBC06707}.Release|x64.ActiveCfg = Release|x64
		{A15CAE3B-FE10-4310-A6EA-EFEDEBC06707}.Release|x64.Build.0 = Release|x64
		{A15CAE3B-FE10-4310-A6EA-EFEDEBC06707}.Release|x86.ActiveCfg = Release|Win32
		{A15CAE3B-FE10-4310-A6EA-EFEDEBC06707}.Release|x86.Build.0 = Release|Win32
	EndGlobalSection
	GlobalSection(SolutionProperties) = preSolution
		HideSolutionNode = FALSE
	EndGlobalSection
	GlobalSection(ExtensibilityGlobals) = postSolution
		SolutionGuid = {5B813BE5-6EDA-47EF-9375-DFE683D64514}
	EndGlobalSection
EndGlobal
